
Microsoft Visual Studio Solution File, Format Version 12.00
# Visual Studio 15
VisualStudioVersion = 15.0.28307.1259
MinimumVisualStudioVersion = 10.0.40219.1
Project("{FAE04EC0-301F-11D3-BF4B-00C04F79EFBC}") = "Day6", "Day6\Day6.csproj", "{E82C2F4A-8E5B-42B8-961B-87C762E7A418}"
EndProject
Project("{FAE04EC0-301F-11D3-BF4B-00C04F79EFBC}") = "DelegateEg", "DelegateEg\DelegateEg.csproj", "{4F60A52D-0938-4743-9E09-B814AFB4B5BA}"
EndProject
Project("{FAE04EC0-301F-11D3-BF4B-00C04F79EFBC}") = "MulticastDel", "MulticastDel\MulticastDel.csproj", "{893F14F8-B4A6-4EF4-8C70-3D082A762D9B}"
EndProject
Global
	GlobalSection(SolutionConfigurationPlatforms) = preSolution
		Debug|Any CPU = Debug|Any CPU
		Release|Any CPU = Release|Any CPU
	EndGlobalSection
	GlobalSection(ProjectConfigurationPlatforms) = postSolution
		{E82C2F4A-8E5B-42B8-961B-87C762E7A418}.Debug|Any CPU.ActiveCfg = Debug|Any CPU
		{E82C2F4A-8E5B-42B8-961B-87C762E7A418}.Debug|Any CPU.Build.0 = Debug|Any CPU
		{E82C2F4A-8E5B-42B8-961B-87C762E7A418}.Release|Any CPU.ActiveCfg = Release|Any CPU
		{E82C2F4A-8E5B-42B8-961B-87C762E7A418}.Release|Any CPU.Build.0 = Release|Any CPU
		{4F60A52D-0938-4743-9E09-B814AFB4B5BA}.Debug|Any CPU.ActiveCfg = Debug|Any CPU
		{4F60A52D-0938-4743-9E09-B814AFB4B5BA}.Debug|Any CPU.Build.0 = Debug|Any CPU
		{4F60A52D-0938-4743-9E09-B814AFB4B5BA}.Release|Any CPU.ActiveCfg = Release|Any CPU
		{4F60A52D-0938-4743-9E09-B814AFB4B5BA}.Release|Any CPU.Build.0 = Release|Any CPU
		{893F14F8-B4A6-4EF4-8C70-3D082A762D9B}.Debug|Any CPU.ActiveCfg = Debug|Any CPU
		{893F14F8-B4A6-4EF4-8C70-3D082A762D9B}.Debug|Any CPU.Build.0 = Debug|Any CPU
		{893F14F8-B4A6-4EF4-8C70-3D082A762D9B}.Release|Any CPU.ActiveCfg = Release|Any CPU
		{893F14F8-B4A6-4EF4-8C70-3D082A762D9B}.Release|Any CPU.Build.0 = Release|Any CPU
	EndGlobalSection
	GlobalSection(SolutionProperties) = preSolution
		HideSolutionNode = FALSE
	EndGlobalSection
	GlobalSection(ExtensibilityGlobals) = postSolution
		SolutionGuid = {79E05992-C095-4F25-873C-FE7ADC904C50}
	EndGlobalSection
EndGlobal
